
Microsoft Visual Studio Solution File, Format Version 12.00
# Visual Studio Version 16
VisualStudioVersion = 16.0.30717.126
MinimumVisualStudioVersion = 10.0.40219.1
Project("{FAE04EC0-301F-11D3-BF4B-00C04F79EFBC}") = "Screenshoter", "Screenshoter\Screenshoter.csproj", "{A28A357A-2942-4FAB-A3D3-E0C093E3DF0B}"
EndProject
Global
	GlobalSection(SolutionConfigurationPlatforms) = preSolution
		Debug|Any CPU = Debug|Any CPU
		Release|Any CPU = Release|Any CPU
	EndGlobalSection
	GlobalSection(ProjectConfigurationPlatforms) = postSolution
		{A28A357A-2942-4FAB-A3D3-E0C093E3DF0B}.Debug|Any CPU.ActiveCfg = Debug|Any CPU
		{A28A357A-2942-4FAB-A3D3-E0C093E3DF0B}.Debug|Any CPU.Build.0 = Debug|Any CPU
		{A28A357A-2942-4FAB-A3D3-E0C093E3DF0B}.Release|Any CPU.ActiveCfg = Release|Any CPU
		{A28A357A-2942-4FAB-A3D3-E0C093E3DF0B}.Release|Any CPU.Build.0 = Release|Any CPU
	EndGlobalSection
	GlobalSection(SolutionProperties) = preSolution
		HideSolutionNode = FALSE
	EndGlobalSection
	GlobalSection(ExtensibilityGlobals) = postSolution
		SolutionGuid = {12DC1A25-8999-41D8-928D-DE624D3B736B}
	EndGlobalSection
EndGlobal
